// !$*UTF8*$!
{
	archiveVersion = 1;
	classes = {
	};
	objectVersion = 46;
	objects = {

/* Begin PBXBuildFile section */
		83D1E03A1837EAE300F7EC88 /* Foundation.framework in Frameworks */ = {isa = PBXBuildFile; fileRef = 83D1E0391837EAE300F7EC88 /* Foundation.framework */; };
		83D1E03C1837EAE300F7EC88 /* CoreGraphics.framework in Frameworks */ = {isa = PBXBuildFile; fileRef = 83D1E03B1837EAE300F7EC88 /* CoreGraphics.framework */; };
		83D1E03E1837EAE300F7EC88 /* UIKit.framework in Frameworks */ = {isa = PBXBuildFile; fileRef = 83D1E03D1837EAE300F7EC88 /* UIKit.framework */; };
		83D1E0441837EAE300F7EC88 /* InfoPlist.strings in Resources */ = {isa = PBXBuildFile; fileRef = 83D1E0421837EAE300F7EC88 /* InfoPlist.strings */; };
		83D1E0461837EAE300F7EC88 /* main.m in Sources */ = {isa = PBXBuildFile; fileRef = 83D1E0451837EAE300F7EC88 /* main.m */; };
		83D1E04A1837EAE300F7EC88 /* AppDelegate.m in Sources */ = {isa = PBXBuildFile; fileRef = 83D1E0491837EAE300F7EC88 /* AppDelegate.m */; };
		83D1E04D1837EAE300F7EC88 /* Main.storyboard in Resources */ = {isa = PBXBuildFile; fileRef = 83D1E04B1837EAE300F7EC88 /* Main.storyboard */; };
		83D1E0501837EAE300F7EC88 /* ViewController.m in Sources */ = {isa = PBXBuildFile; fileRef = 83D1E04F1837EAE300F7EC88 /* ViewController.m */; };
		83D1E0521837EAE300F7EC88 /* Images.xcassets in Resources */ = {isa = PBXBuildFile; fileRef = 83D1E0511837EAE300F7EC88 /* Images.xcassets */; };
		83D1E0591837EAE400F7EC88 /* XCTest.framework in Frameworks */ = {isa = PBXBuildFile; fileRef = 83D1E0581837EAE400F7EC88 /* XCTest.framework */; };
		83D1E05A1837EAE400F7EC88 /* Foundation.framework in Frameworks */ = {isa = PBXBuildFile; fileRef = 83D1E0391837EAE300F7EC88 /* Foundation.framework */; };
		83D1E05B1837EAE400F7EC88 /* UIKit.framework in Frameworks */ = {isa = PBXBuildFile; fileRef = 83D1E03D1837EAE300F7EC88 /* UIKit.framework */; };
		83D1E0631837EAE400F7EC88 /* InfoPlist.strings in Resources */ = {isa = PBXBuildFile; fileRef = 83D1E0611837EAE400F7EC88 /* InfoPlist.strings */; };
		83D1E0651837EAE400F7EC88 /* Auto_Layout_Convenience_MethodsTests.m in Sources */ = {isa = PBXBuildFile; fileRef = 83D1E0641837EAE400F7EC88 /* Auto_Layout_Convenience_MethodsTests.m */; };
/* End PBXBuildFile section */

/* Begin PBXContainerItemProxy section */
		83D1E05C1837EAE400F7EC88 /* PBXContainerItemProxy */ = {
			isa = PBXContainerItemProxy;
			containerPortal = 83D1E02E1837EAE300F7EC88 /* Project object */;
			proxyType = 1;
			remoteGlobalIDString = 83D1E0351837EAE300F7EC88;
			remoteInfo = "Auto Layout Convenience Methods";
		};
/* End PBXContainerItemProxy section */

/* Begin PBXFileReference section */
		83D1E0361837EAE300F7EC88 /* Auto Layout Convenience Methods.app */ = {isa = PBXFileReference; explicitFileType = wrapper.application; includeInIndex = 0; path = "Auto Layout Convenience Methods.app"; sourceTree = BUILT_PRODUCTS_DIR; };
		83D1E0391837EAE300F7EC88 /* Foundation.framework */ = {isa = PBXFileReference; lastKnownFileType = wrapper.framework; name = Foundation.framework; path = System/Library/Frameworks/Foundation.framework; sourceTree = SDKROOT; };
		83D1E03B1837EAE300F7EC88 /* CoreGraphics.framework */ = {isa = PBXFileReference; lastKnownFileType = wrapper.framework; name = CoreGraphics.framework; path = System/Library/Frameworks/CoreGraphics.framework; sourceTree = SDKROOT; };
		83D1E03D1837EAE300F7EC88 /* UIKit.framework */ = {isa = PBXFileReference; lastKnownFileType = wrapper.framework; name = UIKit.framework; path = System/Library/Frameworks/UIKit.framework; sourceTree = SDKROOT; };
		83D1E0411837EAE300F7EC88 /* Auto Layout Convenience Methods-Info.plist */ = {isa = PBXFileReference; lastKnownFileType = text.plist.xml; path = "Auto Layout Convenience Methods-Info.plist"; sourceTree = "<group>"; };
		83D1E0431837EAE300F7EC88 /* en */ = {isa = PBXFileReference; lastKnownFileType = text.plist.strings; name = en; path = en.lproj/InfoPlist.strings; sourceTree = "<group>"; };
		83D1E0451837EAE300F7EC88 /* main.m */ = {isa = PBXFileReference; lastKnownFileType = sourcecode.c.objc; path = main.m; sourceTree = "<group>"; };
		83D1E0471837EAE300F7EC88 /* Auto Layout Convenience Methods-Prefix.pch */ = {isa = PBXFileReference; lastKnownFileType = sourcecode.c.h; path = "Auto Layout Convenience Methods-Prefix.pch"; sourceTree = "<group>"; };
		83D1E0481837EAE300F7EC88 /* AppDelegate.h */ = {isa = PBXFileReference; lastKnownFileType = sourcecode.c.h; path = AppDelegate.h; sourceTree = "<group>"; };
		83D1E0491837EAE300F7EC88 /* AppDelegate.m */ = {isa = PBXFileReference; lastKnownFileType = sourcecode.c.objc; path = AppDelegate.m; sourceTree = "<group>"; };
		83D1E04C1837EAE300F7EC88 /* Base */ = {isa = PBXFileReference; lastKnownFileType = file.storyboard; name = Base; path = Base.lproj/Main.storyboard; sourceTree = "<group>"; };
		83D1E04E1837EAE300F7EC88 /* ViewController.h */ = {isa = PBXFileReference; lastKnownFileType = sourcecode.c.h; path = ViewController.h; sourceTree = "<group>"; };
		83D1E04F1837EAE300F7EC88 /* ViewController.m */ = {isa = PBXFileReference; lastKnownFileType = sourcecode.c.objc; path = ViewController.m; sourceTree = "<group>"; };
		83D1E0511837EAE300F7EC88 /* Images.xcassets */ = {isa = PBXFileReference; lastKnownFileType = folder.assetcatalog; path = Images.xcassets; sourceTree = "<group>"; };
		83D1E0571837EAE400F7EC88 /* Auto Layout Convenience MethodsTests.xctest */ = {isa = PBXFileReference; explicitFileType = wrapper.cfbundle; includeInIndex = 0; path = "Auto Layout Convenience MethodsTests.xctest"; sourceTree = BUILT_PRODUCTS_DIR; };
		83D1E0581837EAE400F7EC88 /* XCTest.framework */ = {isa = PBXFileReference; lastKnownFileType = wrapper.framework; name = XCTest.framework; path = Library/Frameworks/XCTest.framework; sourceTree = DEVELOPER_DIR; };
		83D1E0601837EAE400F7EC88 /* Auto Layout Convenience MethodsTests-Info.plist */ = {isa = PBXFileReference; lastKnownFileType = text.plist.xml; path = "Auto Layout Convenience MethodsTests-Info.plist"; sourceTree = "<group>"; };
		83D1E0621837EAE400F7EC88 /* en */ = {isa = PBXFileReference; lastKnownFileType = text.plist.strings; name = en; path = en.lproj/InfoPlist.strings; sourceTree = "<group>"; };
		83D1E0641837EAE400F7EC88 /* Auto_Layout_Convenience_MethodsTests.m */ = {isa = PBXFileReference; lastKnownFileType = sourcecode.c.objc; path = Auto_Layout_Convenience_MethodsTests.m; sourceTree = "<group>"; };
/* End PBXFileReference section */

/* Begin PBXFrameworksBuildPhase section */
		83D1E0331837EAE300F7EC88 /* Frameworks */ = {
			isa = PBXFrameworksBuildPhase;
			buildActionMask = 2147483647;
			files = (
				83D1E03C1837EAE300F7EC88 /* CoreGraphics.framework in Frameworks */,
				83D1E03E1837EAE300F7EC88 /* UIKit.framework in Frameworks */,
				83D1E03A1837EAE300F7EC88 /* Foundation.framework in Frameworks */,
			);
			runOnlyForDeploymentPostprocessing = 0;
		};
		83D1E0541837EAE400F7EC88 /* Frameworks */ = {
			isa = PBXFrameworksBuildPhase;
			buildActionMask = 2147483647;
			files = (
				83D1E0591837EAE400F7EC88 /* XCTest.framework in Frameworks */,
				83D1E05B1837EAE400F7EC88 /* UIKit.framework in Frameworks */,
				83D1E05A1837EAE400F7EC88 /* Foundation.framework in Frameworks */,
			);
			runOnlyForDeploymentPostprocessing = 0;
		};
/* End PBXFrameworksBuildPhase section */

/* Begin PBXGroup section */
		83D1E02D1837EAE300F7EC88 = {
			isa = PBXGroup;
			children = (
				83D1E03F1837EAE300F7EC88 /* Auto Layout Convenience Methods */,
				83D1E05E1837EAE400F7EC88 /* Auto Layout Convenience MethodsTests */,
				83D1E0381837EAE300F7EC88 /* Frameworks */,
				83D1E0371837EAE300F7EC88 /* Products */,
			);
			sourceTree = "<group>";
		};
		83D1E0371837EAE300F7EC88 /* Products */ = {
			isa = PBXGroup;
			children = (
				83D1E0361837EAE300F7EC88 /* Auto Layout Convenience Methods.app */,
				83D1E0571837EAE400F7EC88 /* Auto Layout Convenience MethodsTests.xctest */,
			);
			name = Products;
			sourceTree = "<group>";
		};
		83D1E0381837EAE300F7EC88 /* Frameworks */ = {
			isa = PBXGroup;
			children = (
				83D1E0391837EAE300F7EC88 /* Foundation.framework */,
				83D1E03B1837EAE300F7EC88 /* CoreGraphics.framework */,
				83D1E03D1837EAE300F7EC88 /* UIKit.framework */,
				83D1E0581837EAE400F7EC88 /* XCTest.framework */,
			);
			name = Frameworks;
			sourceTree = "<group>";
		};
		83D1E03F1837EAE300F7EC88 /* Auto Layout Convenience Methods */ = {
			isa = PBXGroup;
			children = (
				83D1E0481837EAE300F7EC88 /* AppDelegate.h */,
				83D1E0491837EAE300F7EC88 /* AppDelegate.m */,
				83D1E04B1837EAE300F7EC88 /* Main.storyboard */,
				83D1E04E1837EAE300F7EC88 /* ViewController.h */,
				83D1E04F1837EAE300F7EC88 /* ViewController.m */,
				83D1E0511837EAE300F7EC88 /* Images.xcassets */,
				83D1E0401837EAE300F7EC88 /* Supporting Files */,
			);
			path = "Auto Layout Convenience Methods";
			sourceTree = "<group>";
		};
		83D1E0401837EAE300F7EC88 /* Supporting Files */ = {
			isa = PBXGroup;
			children = (
				83D1E0411837EAE300F7EC88 /* Auto Layout Convenience Methods-Info.plist */,
				83D1E0421837EAE300F7EC88 /* InfoPlist.strings */,
				83D1E0451837EAE300F7EC88 /* main.m */,
				83D1E0471837EAE300F7EC88 /* Auto Layout Convenience Methods-Prefix.pch */,
			);
			name = "Supporting Files";
			sourceTree = "<group>";
		};
		83D1E05E1837EAE400F7EC88 /* Auto Layout Convenience MethodsTests */ = {
			isa = PBXGroup;
			children = (
				83D1E0641837EAE400F7EC88 /* Auto_Layout_Convenience_MethodsTests.m */,
				83D1E05F1837EAE400F7EC88 /* Supporting Files */,
			);
			path = "Auto Layout Convenience MethodsTests";
			sourceTree = "<group>";
		};
		83D1E05F1837EAE400F7EC88 /* Supporting Files */ = {
			isa = PBXGroup;
			children = (
				83D1E0601837EAE400F7EC88 /* Auto Layout Convenience MethodsTests-Info.plist */,
				83D1E0611837EAE400F7EC88 /* InfoPlist.strings */,
			);
			name = "Supporting Files";
			sourceTree = "<group>";
		};
/* End PBXGroup section */

/* Begin PBXNativeTarget section */
		83D1E0351837EAE300F7EC88 /* Auto Layout Convenience Methods */ = {
			isa = PBXNativeTarget;
			buildConfigurationList = 83D1E0681837EAE400F7EC88 /* Build configuration list for PBXNativeTarget "Auto Layout Convenience Methods" */;
			buildPhases = (
				83D1E0321837EAE300F7EC88 /* Sources */,
				83D1E0331837EAE300F7EC88 /* Frameworks */,
				83D1E0341837EAE300F7EC88 /* Resources */,
			);
			buildRules = (
			);
			dependencies = (
			);
			name = "Auto Layout Convenience Methods";
			productName = "Auto Layout Convenience Methods";
			productReference = 83D1E0361837EAE300F7EC88 /* Auto Layout Convenience Methods.app */;
			productType = "com.apple.product-type.application";
		};
		83D1E0561837EAE400F7EC88 /* Auto Layout Convenience MethodsTests */ = {
			isa = PBXNativeTarget;
			buildConfigurationList = 83D1E06B1837EAE400F7EC88 /* Build configuration list for PBXNativeTarget "Auto Layout Convenience MethodsTests" */;
			buildPhases = (
				83D1E0531837EAE400F7EC88 /* Sources */,
				83D1E0541837EAE400F7EC88 /* Frameworks */,
				83D1E0551837EAE400F7EC88 /* Resources */,
			);
			buildRules = (
			);
			dependencies = (
				83D1E05D1837EAE400F7EC88 /* PBXTargetDependency */,
			);
			name = "Auto Layout Convenience MethodsTests";
			productName = "Auto Layout Convenience MethodsTests";
			productReference = 83D1E0571837EAE400F7EC88 /* Auto Layout Convenience MethodsTests.xctest */;
			productType = "com.apple.product-type.bundle.unit-test";
		};
/* End PBXNativeTarget section */

/* Begin PBXProject section */
		83D1E02E1837EAE300F7EC88 /* Project object */ = {
			isa = PBXProject;
			attributes = {
				LastUpgradeCheck = 0500;
				ORGANIZATIONNAME = "Robert Ryan";
				TargetAttributes = {
					83D1E0561837EAE400F7EC88 = {
						TestTargetID = 83D1E0351837EAE300F7EC88;
					};
				};
			};
			buildConfigurationList = 83D1E0311837EAE300F7EC88 /* Build configuration list for PBXProject "Auto Layout Convenience Methods" */;
			compatibilityVersion = "Xcode 3.2";
			developmentRegion = English;
			hasScannedForEncodings = 0;
			knownRegions = (
				en,
				Base,
			);
			mainGroup = 83D1E02D1837EAE300F7EC88;
			productRefGroup = 83D1E0371837EAE300F7EC88 /* Products */;
			projectDirPath = "";
			projectRoot = "";
			targets = (
				83D1E0351837EAE300F7EC88 /* Auto Layout Convenience Methods */,
				83D1E0561837EAE400F7EC88 /* Auto Layout Convenience MethodsTests */,
			);
		};
/* End PBXProject section */

/* Begin PBXResourcesBuildPhase section */
		83D1E0341837EAE300F7EC88 /* Resources */ = {
			isa = PBXResourcesBuildPhase;
			buildActionMask = 2147483647;
			files = (
				83D1E0521837EAE300F7EC88 /* Images.xcassets in Resources */,
				83D1E0441837EAE300F7EC88 /* InfoPlist.strings in Resources */,
				83D1E04D1837EAE300F7EC88 /* Main.storyboard in Resources */,
			);
			runOnlyForDeploymentPostprocessing = 0;
		};
		83D1E0551837EAE400F7EC88 /* Resources */ = {
			isa = PBXResourcesBuildPhase;
			buildActionMask = 2147483647;
			files = (
				83D1E0631837EAE400F7EC88 /* InfoPlist.strings in Resources */,
			);
			runOnlyForDeploymentPostprocessing = 0;
		};
/* End PBXResourcesBuildPhase section */

/* Begin PBXSourcesBuildPhase section */
		83D1E0321837EAE300F7EC88 /* Sources */ = {
			isa = PBXSourcesBuildPhase;
			buildActionMask = 2147483647;
			files = (
				83D1E0501837EAE300F7EC88 /* ViewController.m in Sources */,
				83D1E04A1837EAE300F7EC88 /* AppDelegate.m in Sources */,
				83D1E0461837EAE300F7EC88 /* main.m in Sources */,
			);
			runOnlyForDeploymentPostprocessing = 0;
		};
		83D1E0531837EAE400F7EC88 /* Sources */ = {
			isa = PBXSourcesBuildPhase;
			buildActionMask = 2147483647;
			files = (
				83D1E0651837EAE400F7EC88 /* Auto_Layout_Convenience_MethodsTests.m in Sources */,
			);
			runOnlyForDeploymentPostprocessing = 0;
		};
/* End PBXSourcesBuildPhase section */

/* Begin PBXTargetDependency section */
		83D1E05D1837EAE400F7EC88 /* PBXTargetDependency */ = {
			isa = PBXTargetDependency;
			target = 83D1E0351837EAE300F7EC88 /* Auto Layout Convenience Methods */;
			targetProxy = 83D1E05C1837EAE400F7EC88 /* PBXContainerItemProxy */;
		};
/* End PBXTargetDependency section */

/* Begin PBXVariantGroup section */
		83D1E0421837EAE300F7EC88 /* InfoPlist.strings */ = {
			isa = PBXVariantGroup;
			children = (
				83D1E0431837EAE300F7EC88 /* en */,
			);
			name = InfoPlist.strings;
			sourceTree = "<group>";
		};
		83D1E04B1837EAE300F7EC88 /* Main.storyboard */ = {
			isa = PBXVariantGroup;
			children = (
				83D1E04C1837EAE300F7EC88 /* Base */,
			);
			name = Main.storyboard;
			sourceTree = "<group>";
		};
		83D1E0611837EAE400F7EC88 /* InfoPlist.strings */ = {
			isa = PBXVariantGroup;
			children = (
				83D1E0621837EAE400F7EC88 /* en */,
			);
			name = InfoPlist.strings;
			sourceTree = "<group>";
		};
/* End PBXVariantGroup section */

/* Begin XCBuildConfiguration section */
		83D1E0661837EAE400F7EC88 /* Debug */ = {
			isa = XCBuildConfiguration;
			buildSettings = {
				ALWAYS_SEARCH_USER_PATHS = NO;
				ARCHS = "$(ARCHS_STANDARD_INCLUDING_64_BIT)";
				CLANG_CXX_LANGUAGE_STANDARD = "gnu++0x";
				CLANG_CXX_LIBRARY = "libc++";
				CLANG_ENABLE_MODULES = YES;
				CLANG_ENABLE_OBJC_ARC = YES;
				CLANG_WARN_BOOL_CONVERSION = YES;
				CLANG_WARN_CONSTANT_CONVERSION = YES;
				CLANG_WARN_DIRECT_OBJC_ISA_USAGE = YES_ERROR;
				CLANG_WARN_EMPTY_BODY = YES;
				CLANG_WARN_ENUM_CONVERSION = YES;
				CLANG_WARN_INT_CONVERSION = YES;
				CLANG_WARN_OBJC_ROOT_CLASS = YES_ERROR;
				CLANG_WARN__DUPLICATE_METHOD_MATCH = YES;
				"CODE_SIGN_IDENTITY[sdk=iphoneos*]" = "iPhone Developer";
				COPY_PHASE_STRIP = NO;
				GCC_C_LANGUAGE_STANDARD = gnu99;
				GCC_DYNAMIC_NO_PIC = NO;
				GCC_OPTIMIZATION_LEVEL = 0;
				GCC_PREPROCESSOR_DEFINITIONS = (
					"DEBUG=1",
					"$(inherited)",
				);
				GCC_SYMBOLS_PRIVATE_EXTERN = NO;
				GCC_WARN_64_TO_32_BIT_CONVERSION = YES;
				GCC_WARN_ABOUT_RETURN_TYPE = YES_ERROR;
				GCC_WARN_UNDECLARED_SELECTOR = YES;
				GCC_WARN_UNINITIALIZED_AUTOS = YES;
				GCC_WARN_UNUSED_FUNCTION = YES;
				GCC_WARN_UNUSED_VARIABLE = YES;
				IPHONEOS_DEPLOYMENT_TARGET = 7.0;
				ONLY_ACTIVE_ARCH = YES;
				SDKROOT = iphoneos;
			};
			name = Debug;
		};
		83D1E0671837EAE400F7EC88 /* Release */ = {
			isa = XCBuildConfiguration;
			buildSettings = {
				ALWAYS_SEARCH_USER_PATHS = NO;
				ARCHS = "$(ARCHS_STANDARD_INCLUDING_64_BIT)";
				CLANG_CXX_LANGUAGE_STANDARD = "gnu++0x";
				CLANG_CXX_LIBRARY = "libc++";
				CLANG_ENABLE_MODULES = YES;
				CLANG_ENABLE_OBJC_ARC = YES;
				CLANG_WARN_BOOL_CONVERSION = YES;
				CLANG_WARN_CONSTANT_CONVERSION = YES;
				CLANG_WARN_DIRECT_OBJC_ISA_USAGE = YES_ERROR;
				CLANG_WARN_EMPTY_BODY = YES;
				CLANG_WARN_ENUM_CONVERSION = YES;
				CLANG_WARN_INT_CONVERSION = YES;
				CLANG_WARN_OBJC_ROOT_CLASS = YES_ERROR;
				CLANG_WARN__DUPLICATE_METHOD_MATCH = YES;
				"CODE_SIGN_IDENTITY[sdk=iphoneos*]" = "iPhone Developer";
				COPY_PHASE_STRIP = YES;
				ENABLE_NS_ASSERTIONS = NO;
				GCC_C_LANGUAGE_STANDARD = gnu99;
				GCC_WARN_64_TO_32_BIT_CONVERSION = YES;
				GCC_WARN_ABOUT_RETURN_TYPE = YES_ERROR;
				GCC_WARN_UNDECLARED_SELECTOR = YES;
				GCC_WARN_UNINITIALIZED_AUTOS = YES;
				GCC_WARN_UNUSED_FUNCTION = YES;
				GCC_WARN_UNUSED_VARIABLE = YES;
				IPHONEOS_DEPLOYMENT_TARGET = 7.0;
				SDKROOT = iphoneos;
				VALIDATE_PRODUCT = YES;
			};
			name = Release;
		};
		83D1E0691837EAE400F7EC88 /* Debug */ = {
			isa = XCBuildConfiguration;
			buildSettings = {
				ASSETCATALOG_COMPILER_APPICON_NAME = AppIcon;
				ASSETCATALOG_COMPILER_LAUNCHIMAGE_NAME = LaunchImage;
				GCC_PRECOMPILE_PREFIX_HEADER = YES;
				GCC_PREFIX_HEADER = "Auto Layout Convenience Methods/Auto Layout Convenience Methods-Prefix.pch";
				INFOPLIST_FILE = "Auto Layout Convenience Methods/Auto Layout Convenience Methods-Info.plist";
				PRODUCT_NAME = "$(TARGET_NAME)";
				WRAPPER_EXTENSION = app;
			};
			name = Debug;
		};
		83D1E06A1837EAE400F7EC88 /* Release */ = {
			isa = XCBuildConfiguration;
			buildSettings = {
				ASSETCATALOG_COMPILER_APPICON_NAME = AppIcon;
				ASSETCATALOG_COMPILER_LAUNCHIMAGE_NAME = LaunchImage;
				GCC_PRECOMPILE_PREFIX_HEADER = YES;
				GCC_PREFIX_HEADER = "Auto Layout Convenience Methods/Auto Layout Convenience Methods-Prefix.pch";
				INFOPLIST_FILE = "Auto Layout Convenience Methods/Auto Layout Convenience Methods-Info.plist";
				PRODUCT_NAME = "$(TARGET_NAME)";
				WRAPPER_EXTENSION = app;
			};
			name = Release;
		};
		83D1E06C1837EAE400F7EC88 /* Debug */ = {
			isa = XCBuildConfiguration;
			buildSettings = {
				ARCHS = "$(ARCHS_STANDARD_INCLUDING_64_BIT)";
				BUNDLE_LOADER = "$(BUILT_PRODUCTS_DIR)/Auto Layout Convenience Methods.app/Auto Layout Convenience Methods";
				FRAMEWORK_SEARCH_PATHS = (
					"$(SDKROOT)/Developer/Library/Frameworks",
					"$(inherited)",
					"$(DEVELOPER_FRAMEWORKS_DIR)",
				);
				GCC_PRECOMPILE_PREFIX_HEADER = YES;
				GCC_PREFIX_HEADER = "Auto Layout Convenience Methods/Auto Layout Convenience Methods-Prefix.pch";
				GCC_PREPROCESSOR_DEFINITIONS = (
					"DEBUG=1",
					"$(inherited)",
				);
				INFOPLIST_FILE = "Auto Layout Convenience MethodsTests/Auto Layout Convenience MethodsTests-Info.plist";
				PRODUCT_NAME = "$(TARGET_NAME)";
				TEST_HOST = "$(BUNDLE_LOADER)";
				WRAPPER_EXTENSION = xctest;
			};
			name = Debug;
		};
		83D1E06D1837EAE400F7EC88 /* Release */ = {
			isa = XCBuildConfiguration;
			buildSettings = {
				ARCHS = "$(ARCHS_STANDARD_INCLUDING_64_BIT)";
				BUNDLE_LOADER = "$(BUILT_PRODUCTS_DIR)/Auto Layout Convenience Methods.app/Auto Layout Convenience Methods";
				FRAMEWORK_SEARCH_PATHS = (
					"$(SDKROOT)/Developer/Library/Frameworks",
					"$(inherited)",
					"$(DEVELOPER_FRAMEWORKS_DIR)",
				);
				GCC_PRECOMPILE_PREFIX_HEADER = YES;
				GCC_PREFIX_HEADER = "Auto Layout Convenience Methods/Auto Layout Convenience Methods-Prefix.pch";
				INFOPLIST_FILE = "Auto Layout Convenience MethodsTests/Auto Layout Convenience MethodsTests-Info.plist";
				PRODUCT_NAME = "$(TARGET_NAME)";
				TEST_HOST = "$(BUNDLE_LOADER)";
				WRAPPER_EXTENSION = xctest;
			};
			name = Release;
		};
/* End XCBuildConfiguration section */

/* Begin XCConfigurationList section */
		83D1E0311837EAE300F7EC88 /* Build configuration list for PBXProject "Auto Layout Convenience Methods" */ = {
			isa = XCConfigurationList;
			buildConfigurations = (
				83D1E0661837EAE400F7EC88 /* Debug */,
				83D1E0671837EAE400F7EC88 /* Release */,
			);
			defaultConfigurationIsVisible = 0;
			defaultConfigurationName = Release;
		};
		83D1E0681837EAE400F7EC88 /* Build configuration list for PBXNativeTarget "Auto Layout Convenience Methods" */ = {
			isa = XCConfigurationList;
			buildConfigurations = (
				83D1E0691837EAE400F7EC88 /* Debug */,
				83D1E06A1837EAE400F7EC88 /* Release */,
			);
			defaultConfigurationIsVisible = 0;
		};
		83D1E06B1837EAE400F7EC88 /* Build configuration list for PBXNativeTarget "Auto Layout Convenience MethodsTests" */ = {
			isa = XCConfigurationList;
			buildConfigurations = (
				83D1E06C1837EAE400F7EC88 /* Debug */,
				83D1E06D1837EAE400F7EC88 /* Release */,
			);
			defaultConfigurationIsVisible = 0;
		};
/* End XCConfigurationList section */
	};
	rootObject = 83D1E02E1837EAE300F7EC88 /* Project object */;
}
